// !$*UTF8*$!
{
	archiveVersion = 1;
	classes = {
	};
	objectVersion = 56;
	objects = {

/* Begin PBXBuildFile section */
		99877493E5F93CC2078DE565 /* Pods_MuslingProject.framework in Frameworks */ = {isa = PBXBuildFile; fileRef = 119F5E6F7820FF7598DFC8CD /* Pods_MuslingProject.framework */; };
		F30F22202A0E8C2F005FDE36 /* UIColor.swift in Sources */ = {isa = PBXBuildFile; fileRef = F30F221F2A0E8C2F005FDE36 /* UIColor.swift */; };
		F36A3DC029E5B45600F47A3E /* profile.png in Resources */ = {isa = PBXBuildFile; fileRef = F36A3DBF29E5B45600F47A3E /* profile.png */; };
		F36A3DC229E5B61200F47A3E /* ProfileViewController.swift in Sources */ = {isa = PBXBuildFile; fileRef = F36A3DC129E5B61200F47A3E /* ProfileViewController.swift */; };
		F36A3DC429E5B89500F47A3E /* SelectViewController.swift in Sources */ = {isa = PBXBuildFile; fileRef = F36A3DC329E5B89500F47A3E /* SelectViewController.swift */; };
		F38B984E2A07F3BF00F8B868 /* list.png in Resources */ = {isa = PBXBuildFile; fileRef = F38B984D2A07F3BF00F8B868 /* list.png */; };
		F3ADDE012A010C91005650E2 /* WriteViewController.swift in Sources */ = {isa = PBXBuildFile; fileRef = F3ADDE002A010C91005650E2 /* WriteViewController.swift */; };
		F3B067D62A08312500350C6A /* UITextField.swift in Sources */ = {isa = PBXBuildFile; fileRef = F3B067D52A08312500350C6A /* UITextField.swift */; };
		F3C2287529EC453B00FDED32 /* CSButton.swift in Sources */ = {isa = PBXBuildFile; fileRef = F3C2287429EC453B00FDED32 /* CSButton.swift */; };
		F3C2288329EC507600FDED32 /* HomeViewController.swift in Sources */ = {isa = PBXBuildFile; fileRef = F3C2288229EC507600FDED32 /* HomeViewController.swift */; };
		F3C2288529EC508600FDED32 /* FavoriteViewController.swift in Sources */ = {isa = PBXBuildFile; fileRef = F3C2288429EC508600FDED32 /* FavoriteViewController.swift */; };
		F3C2288729EC509000FDED32 /* MypageViewController.swift in Sources */ = {isa = PBXBuildFile; fileRef = F3C2288629EC509000FDED32 /* MypageViewController.swift */; };
		F3C2288929EC51ED00FDED32 /* TabBarVC.swift in Sources */ = {isa = PBXBuildFile; fileRef = F3C2288829EC51ED00FDED32 /* TabBarVC.swift */; };
		F3C2288D29EC5A8100FDED32 /* top_icon.png in Resources */ = {isa = PBXBuildFile; fileRef = F3C2288C29EC5A8100FDED32 /* top_icon.png */; };
		F3E545352A1136CA00EF3C97 /* kuromi.jpeg in Resources */ = {isa = PBXBuildFile; fileRef = F3E545342A1136CA00EF3C97 /* kuromi.jpeg */; };
		F3E568052A0E1642009ED042 /* line.png in Resources */ = {isa = PBXBuildFile; fileRef = F3E568042A0E1642009ED042 /* line.png */; };
		F3E568072A0E17CF009ED042 /* Main.storyboard in Resources */ = {isa = PBXBuildFile; fileRef = F3E568062A0E17CF009ED042 /* Main.storyboard */; };
		F3EAA53229E55B6600819F7A /* AppDelegate.swift in Sources */ = {isa = PBXBuildFile; fileRef = F3EAA53129E55B6600819F7A /* AppDelegate.swift */; };
		F3EAA53429E55B6600819F7A /* SceneDelegate.swift in Sources */ = {isa = PBXBuildFile; fileRef = F3EAA53329E55B6600819F7A /* SceneDelegate.swift */; };
		F3EAA53B29E55B6700819F7A /* Assets.xcassets in Resources */ = {isa = PBXBuildFile; fileRef = F3EAA53A29E55B6700819F7A /* Assets.xcassets */; };
		F3EAA53E29E55B6700819F7A /* LaunchScreen.storyboard in Resources */ = {isa = PBXBuildFile; fileRef = F3EAA53C29E55B6700819F7A /* LaunchScreen.storyboard */; };
		F3EAA54729E55D2100819F7A /* logo.png in Resources */ = {isa = PBXBuildFile; fileRef = F3EAA54629E55D2100819F7A /* logo.png */; };
		F3EAA55329E5714200819F7A /* LoginViewController.swift in Sources */ = {isa = PBXBuildFile; fileRef = F3EAA55229E5714200819F7A /* LoginViewController.swift */; };
		F3EAA55529E59F8600819F7A /* SignUpViewController.swift in Sources */ = {isa = PBXBuildFile; fileRef = F3EAA55429E59F8600819F7A /* SignUpViewController.swift */; };
/* End PBXBuildFile section */

/* Begin PBXFileReference section */
		119F5E6F7820FF7598DFC8CD /* Pods_MuslingProject.framework */ = {isa = PBXFileReference; explicitFileType = wrapper.framework; includeInIndex = 0; path = Pods_MuslingProject.framework; sourceTree = BUILT_PRODUCTS_DIR; };
		636636C21A4BF807463FEE9A /* Pods-MuslingProject.release.xcconfig */ = {isa = PBXFileReference; includeInIndex = 1; lastKnownFileType = text.xcconfig; name = "Pods-MuslingProject.release.xcconfig"; path = "Target Support Files/Pods-MuslingProject/Pods-MuslingProject.release.xcconfig"; sourceTree = "<group>"; };
		6CAD5DF9AEA12D4971564457 /* Pods-MuslingProject.debug.xcconfig */ = {isa = PBXFileReference; includeInIndex = 1; lastKnownFileType = text.xcconfig; name = "Pods-MuslingProject.debug.xcconfig"; path = "Target Support Files/Pods-MuslingProject/Pods-MuslingProject.debug.xcconfig"; sourceTree = "<group>"; };
		F30F221F2A0E8C2F005FDE36 /* UIColor.swift */ = {isa = PBXFileReference; lastKnownFileType = sourcecode.swift; path = UIColor.swift; sourceTree = "<group>"; };
		F36A3DBF29E5B45600F47A3E /* profile.png */ = {isa = PBXFileReference; lastKnownFileType = image.png; name = profile.png; path = ../../../Downloads/profile.png; sourceTree = "<group>"; };
		F36A3DC129E5B61200F47A3E /* ProfileViewController.swift */ = {isa = PBXFileReference; lastKnownFileType = sourcecode.swift; path = ProfileViewController.swift; sourceTree = "<group>"; };
		F36A3DC329E5B89500F47A3E /* SelectViewController.swift */ = {isa = PBXFileReference; lastKnownFileType = sourcecode.swift; path = SelectViewController.swift; sourceTree = "<group>"; };
		F38B984D2A07F3BF00F8B868 /* list.png */ = {isa = PBXFileReference; lastKnownFileType = image.png; name = list.png; path = ../../../Downloads/list.png; sourceTree = "<group>"; };
		F3ADDE002A010C91005650E2 /* WriteViewController.swift */ = {isa = PBXFileReference; lastKnownFileType = sourcecode.swift; path = WriteViewController.swift; sourceTree = "<group>"; };
		F3B067D52A08312500350C6A /* UITextField.swift */ = {isa = PBXFileReference; lastKnownFileType = sourcecode.swift; path = UITextField.swift; sourceTree = "<group>"; };
		F3C2287429EC453B00FDED32 /* CSButton.swift */ = {isa = PBXFileReference; lastKnownFileType = sourcecode.swift; path = CSButton.swift; sourceTree = "<group>"; };
		F3C2288229EC507600FDED32 /* HomeViewController.swift */ = {isa = PBXFileReference; lastKnownFileType = sourcecode.swift; path = HomeViewController.swift; sourceTree = "<group>"; };
		F3C2288429EC508600FDED32 /* FavoriteViewController.swift */ = {isa = PBXFileReference; lastKnownFileType = sourcecode.swift; path = FavoriteViewController.swift; sourceTree = "<group>"; };
		F3C2288629EC509000FDED32 /* MypageViewController.swift */ = {isa = PBXFileReference; lastKnownFileType = sourcecode.swift; path = MypageViewController.swift; sourceTree = "<group>"; };
		F3C2288829EC51ED00FDED32 /* TabBarVC.swift */ = {isa = PBXFileReference; lastKnownFileType = sourcecode.swift; path = TabBarVC.swift; sourceTree = "<group>"; };
		F3C2288C29EC5A8100FDED32 /* top_icon.png */ = {isa = PBXFileReference; lastKnownFileType = image.png; name = top_icon.png; path = ../../../Downloads/top_icon.png; sourceTree = "<group>"; };
		F3E545342A1136CA00EF3C97 /* kuromi.jpeg */ = {isa = PBXFileReference; lastKnownFileType = image.jpeg; name = kuromi.jpeg; path = ../../../Downloads/kuromi.jpeg; sourceTree = "<group>"; };
		F3E568042A0E1642009ED042 /* line.png */ = {isa = PBXFileReference; lastKnownFileType = image.png; name = line.png; path = ../../../Downloads/line.png; sourceTree = "<group>"; };
		F3E568062A0E17CF009ED042 /* Main.storyboard */ = {isa = PBXFileReference; fileEncoding = 4; lastKnownFileType = file.storyboard; name = Main.storyboard; path = ../../../.Trash/Main.storyboard; sourceTree = "<group>"; };
		F3EAA52E29E55B6600819F7A /* MuslingProject.app */ = {isa = PBXFileReference; explicitFileType = wrapper.application; includeInIndex = 0; path = MuslingProject.app; sourceTree = BUILT_PRODUCTS_DIR; };
		F3EAA53129E55B6600819F7A /* AppDelegate.swift */ = {isa = PBXFileReference; lastKnownFileType = sourcecode.swift; path = AppDelegate.swift; sourceTree = "<group>"; };
		F3EAA53329E55B6600819F7A /* SceneDelegate.swift */ = {isa = PBXFileReference; lastKnownFileType = sourcecode.swift; path = SceneDelegate.swift; sourceTree = "<group>"; };
		F3EAA53A29E55B6700819F7A /* Assets.xcassets */ = {isa = PBXFileReference; lastKnownFileType = folder.assetcatalog; path = Assets.xcassets; sourceTree = "<group>"; };
		F3EAA53D29E55B6700819F7A /* Base */ = {isa = PBXFileReference; lastKnownFileType = file.storyboard; name = Base; path = Base.lproj/LaunchScreen.storyboard; sourceTree = "<group>"; };
		F3EAA53F29E55B6700819F7A /* Info.plist */ = {isa = PBXFileReference; lastKnownFileType = text.plist.xml; path = Info.plist; sourceTree = "<group>"; };
		F3EAA54629E55D2100819F7A /* logo.png */ = {isa = PBXFileReference; lastKnownFileType = image.png; name = logo.png; path = ../../../Downloads/logo.png; sourceTree = "<group>"; };
		F3EAA55229E5714200819F7A /* LoginViewController.swift */ = {isa = PBXFileReference; lastKnownFileType = sourcecode.swift; path = LoginViewController.swift; sourceTree = "<group>"; };
		F3EAA55429E59F8600819F7A /* SignUpViewController.swift */ = {isa = PBXFileReference; lastKnownFileType = sourcecode.swift; path = SignUpViewController.swift; sourceTree = "<group>"; };
/* End PBXFileReference section */

/* Begin PBXFrameworksBuildPhase section */
		F3EAA52B29E55B6600819F7A /* Frameworks */ = {
			isa = PBXFrameworksBuildPhase;
			buildActionMask = 2147483647;
			files = (
				99877493E5F93CC2078DE565 /* Pods_MuslingProject.framework in Frameworks */,
			);
			runOnlyForDeploymentPostprocessing = 0;
		};
/* End PBXFrameworksBuildPhase section */

/* Begin PBXGroup section */
		5DB710B4D85E989447A105B2 /* Pods */ = {
			isa = PBXGroup;
			children = (
				6CAD5DF9AEA12D4971564457 /* Pods-MuslingProject.debug.xcconfig */,
				636636C21A4BF807463FEE9A /* Pods-MuslingProject.release.xcconfig */,
			);
			path = Pods;
			sourceTree = "<group>";
		};
		7E40D0B251612DCC6CF03363 /* Frameworks */ = {
			isa = PBXGroup;
			children = (
				119F5E6F7820FF7598DFC8CD /* Pods_MuslingProject.framework */,
			);
			name = Frameworks;
			sourceTree = "<group>";
		};
		F3EAA52529E55B6600819F7A = {
			isa = PBXGroup;
			children = (
				F3EAA54529E55D1100819F7A /* Resources */,
				F3EAA53029E55B6600819F7A /* MuslingProject */,
				F3EAA52F29E55B6600819F7A /* Products */,
				5DB710B4D85E989447A105B2 /* Pods */,
				7E40D0B251612DCC6CF03363 /* Frameworks */,
			);
			sourceTree = "<group>";
		};
		F3EAA52F29E55B6600819F7A /* Products */ = {
			isa = PBXGroup;
			children = (
				F3EAA52E29E55B6600819F7A /* MuslingProject.app */,
			);
			name = Products;
			sourceTree = "<group>";
		};
		F3EAA53029E55B6600819F7A /* MuslingProject */ = {
			isa = PBXGroup;
			children = (
				F3E568062A0E17CF009ED042 /* Main.storyboard */,
				F3EAA53129E55B6600819F7A /* AppDelegate.swift */,
				F3EAA53329E55B6600819F7A /* SceneDelegate.swift */,
				F3EAA53A29E55B6700819F7A /* Assets.xcassets */,
				F3EAA53C29E55B6700819F7A /* LaunchScreen.storyboard */,
				F3EAA53F29E55B6700819F7A /* Info.plist */,
				F3EAA55229E5714200819F7A /* LoginViewController.swift */,
				F3EAA55429E59F8600819F7A /* SignUpViewController.swift */,
				F36A3DC129E5B61200F47A3E /* ProfileViewController.swift */,
				F36A3DC329E5B89500F47A3E /* SelectViewController.swift */,
				F3C2287429EC453B00FDED32 /* CSButton.swift */,
				F3C2288229EC507600FDED32 /* HomeViewController.swift */,
				F3C2288429EC508600FDED32 /* FavoriteViewController.swift */,
				F3C2288629EC509000FDED32 /* MypageViewController.swift */,
				F3C2288829EC51ED00FDED32 /* TabBarVC.swift */,
				F3ADDE002A010C91005650E2 /* WriteViewController.swift */,
				F3B067D52A08312500350C6A /* UITextField.swift */,
				F30F221F2A0E8C2F005FDE36 /* UIColor.swift */,
			);
			path = MuslingProject;
			sourceTree = "<group>";
		};
		F3EAA54529E55D1100819F7A /* Resources */ = {
			isa = PBXGroup;
			children = (
				F3E545342A1136CA00EF3C97 /* kuromi.jpeg */,
				F3E568042A0E1642009ED042 /* line.png */,
				F3C2288C29EC5A8100FDED32 /* top_icon.png */,
				F38B984D2A07F3BF00F8B868 /* list.png */,
				F3EAA54629E55D2100819F7A /* logo.png */,
				F36A3DBF29E5B45600F47A3E /* profile.png */,
			);
			path = Resources;
			sourceTree = "<group>";
		};
/* End PBXGroup section */

/* Begin PBXNativeTarget section */
		F3EAA52D29E55B6600819F7A /* MuslingProject */ = {
			isa = PBXNativeTarget;
			buildConfigurationList = F3EAA54229E55B6700819F7A /* Build configuration list for PBXNativeTarget "MuslingProject" */;
			buildPhases = (
				453F3AADDA402FE38B5A4F3D /* [CP] Check Pods Manifest.lock */,
				F3EAA52A29E55B6600819F7A /* Sources */,
				F3EAA52B29E55B6600819F7A /* Frameworks */,
				F3EAA52C29E55B6600819F7A /* Resources */,
				5545D23A884B10DBEB626686 /* [CP] Embed Pods Frameworks */,
			);
			buildRules = (
			);
			dependencies = (
			);
			name = MuslingProject;
			productName = MuslingProject;
			productReference = F3EAA52E29E55B6600819F7A /* MuslingProject.app */;
			productType = "com.apple.product-type.application";
		};
/* End PBXNativeTarget section */

/* Begin PBXProject section */
		F3EAA52629E55B6600819F7A /* Project object */ = {
			isa = PBXProject;
			attributes = {
				BuildIndependentTargetsInParallel = 1;
				LastSwiftUpdateCheck = 1420;
				LastUpgradeCheck = 1420;
				TargetAttributes = {
					F3EAA52D29E55B6600819F7A = {
						CreatedOnToolsVersion = 14.2;
					};
				};
			};
			buildConfigurationList = F3EAA52929E55B6600819F7A /* Build configuration list for PBXProject "MuslingProject" */;
			compatibilityVersion = "Xcode 14.0";
			developmentRegion = en;
			hasScannedForEncodings = 0;
			knownRegions = (
				en,
				Base,
			);
			mainGroup = F3EAA52529E55B6600819F7A;
			productRefGroup = F3EAA52F29E55B6600819F7A /* Products */;
			projectDirPath = "";
			projectRoot = "";
			targets = (
				F3EAA52D29E55B6600819F7A /* MuslingProject */,
			);
		};
/* End PBXProject section */

/* Begin PBXResourcesBuildPhase section */
		F3EAA52C29E55B6600819F7A /* Resources */ = {
			isa = PBXResourcesBuildPhase;
			buildActionMask = 2147483647;
			files = (
				F3E545352A1136CA00EF3C97 /* kuromi.jpeg in Resources */,
				F38B984E2A07F3BF00F8B868 /* list.png in Resources */,
				F3EAA54729E55D2100819F7A /* logo.png in Resources */,
				F3EAA53E29E55B6700819F7A /* LaunchScreen.storyboard in Resources */,
				F3E568072A0E17CF009ED042 /* Main.storyboard in Resources */,
				F3E568052A0E1642009ED042 /* line.png in Resources */,
				F3EAA53B29E55B6700819F7A /* Assets.xcassets in Resources */,
				F36A3DC029E5B45600F47A3E /* profile.png in Resources */,
				F3C2288D29EC5A8100FDED32 /* top_icon.png in Resources */,
			);
			runOnlyForDeploymentPostprocessing = 0;
		};
/* End PBXResourcesBuildPhase section */

/* Begin PBXShellScriptBuildPhase section */
		453F3AADDA402FE38B5A4F3D /* [CP] Check Pods Manifest.lock */ = {
			isa = PBXShellScriptBuildPhase;
			buildActionMask = 2147483647;
			files = (
			);
			inputFileListPaths = (
			);
			inputPaths = (
				"${PODS_PODFILE_DIR_PATH}/Podfile.lock",
				"${PODS_ROOT}/Manifest.lock",
			);
			name = "[CP] Check Pods Manifest.lock";
			outputFileListPaths = (
			);
			outputPaths = (
				"$(DERIVED_FILE_DIR)/Pods-MuslingProject-checkManifestLockResult.txt",
			);
			runOnlyForDeploymentPostprocessing = 0;
			shellPath = /bin/sh;
			shellScript = "diff \"${PODS_PODFILE_DIR_PATH}/Podfile.lock\" \"${PODS_ROOT}/Manifest.lock\" > /dev/null\nif [ $? != 0 ] ; then\n    # print error to STDERR\n    echo \"error: The sandbox is not in sync with the Podfile.lock. Run 'pod install' or update your CocoaPods installation.\" >&2\n    exit 1\nfi\n# This output is used by Xcode 'outputs' to avoid re-running this script phase.\necho \"SUCCESS\" > \"${SCRIPT_OUTPUT_FILE_0}\"\n";
			showEnvVarsInLog = 0;
		};
		5545D23A884B10DBEB626686 /* [CP] Embed Pods Frameworks */ = {
			isa = PBXShellScriptBuildPhase;
			buildActionMask = 2147483647;
			files = (
			);
			inputFileListPaths = (
				"${PODS_ROOT}/Target Support Files/Pods-MuslingProject/Pods-MuslingProject-frameworks-${CONFIGURATION}-input-files.xcfilelist",
			);
			name = "[CP] Embed Pods Frameworks";
			outputFileListPaths = (
				"${PODS_ROOT}/Target Support Files/Pods-MuslingProject/Pods-MuslingProject-frameworks-${CONFIGURATION}-output-files.xcfilelist",
			);
			runOnlyForDeploymentPostprocessing = 0;
			shellPath = /bin/sh;
			shellScript = "\"${PODS_ROOT}/Target Support Files/Pods-MuslingProject/Pods-MuslingProject-frameworks.sh\"\n";
			showEnvVarsInLog = 0;
		};
/* End PBXShellScriptBuildPhase section */

/* Begin PBXSourcesBuildPhase section */
		F3EAA52A29E55B6600819F7A /* Sources */ = {
			isa = PBXSourcesBuildPhase;
			buildActionMask = 2147483647;
			files = (
				F3EAA55329E5714200819F7A /* LoginViewController.swift in Sources */,
				F30F22202A0E8C2F005FDE36 /* UIColor.swift in Sources */,
				F3EAA53229E55B6600819F7A /* AppDelegate.swift in Sources */,
				F36A3DC229E5B61200F47A3E /* ProfileViewController.swift in Sources */,
				F3C2288329EC507600FDED32 /* HomeViewController.swift in Sources */,
				F3C2288529EC508600FDED32 /* FavoriteViewController.swift in Sources */,
				F3C2288729EC509000FDED32 /* MypageViewController.swift in Sources */,
				F3ADDE012A010C91005650E2 /* WriteViewController.swift in Sources */,
				F3EAA55529E59F8600819F7A /* SignUpViewController.swift in Sources */,
				F3B067D62A08312500350C6A /* UITextField.swift in Sources */,
				F36A3DC429E5B89500F47A3E /* SelectViewController.swift in Sources */,
				F3C2288929EC51ED00FDED32 /* TabBarVC.swift in Sources */,
				F3C2287529EC453B00FDED32 /* CSButton.swift in Sources */,
				F3EAA53429E55B6600819F7A /* SceneDelegate.swift in Sources */,
			);
			runOnlyForDeploymentPostprocessing = 0;
		};
/* End PBXSourcesBuildPhase section */

/* Begin PBXVariantGroup section */
		F3EAA53C29E55B6700819F7A /* LaunchScreen.storyboard */ = {
			isa = PBXVariantGroup;
			children = (
				F3EAA53D29E55B6700819F7A /* Base */,
			);
			name = LaunchScreen.storyboard;
			sourceTree = "<group>";
		};
/* End PBXVariantGroup section */

/* Begin XCBuildConfiguration section */
		F3EAA54029E55B6700819F7A /* Debug */ = {
			isa = XCBuildConfiguration;
			buildSettings = {
				ALWAYS_SEARCH_USER_PATHS = NO;
				CLANG_ANALYZER_NONNULL = YES;
				CLANG_ANALYZER_NUMBER_OBJECT_CONVERSION = YES_AGGRESSIVE;
				CLANG_CXX_LANGUAGE_STANDARD = "gnu++20";
				CLANG_ENABLE_MODULES = YES;
				CLANG_ENABLE_OBJC_ARC = YES;
				CLANG_ENABLE_OBJC_WEAK = YES;
				CLANG_WARN_BLOCK_CAPTURE_AUTORELEASING = YES;
				CLANG_WARN_BOOL_CONVERSION = YES;
				CLANG_WARN_COMMA = YES;
				CLANG_WARN_CONSTANT_CONVERSION = YES;
				CLANG_WARN_DEPRECATED_OBJC_IMPLEMENTATIONS = YES;
				CLANG_WARN_DIRECT_OBJC_ISA_USAGE = YES_ERROR;
				CLANG_WARN_DOCUMENTATION_COMMENTS = YES;
				CLANG_WARN_EMPTY_BODY = YES;
				CLANG_WARN_ENUM_CONVERSION = YES;
				CLANG_WARN_INFINITE_RECURSION = YES;
				CLANG_WARN_INT_CONVERSION = YES;
				CLANG_WARN_NON_LITERAL_NULL_CONVERSION = YES;
				CLANG_WARN_OBJC_IMPLICIT_RETAIN_SELF = YES;
				CLANG_WARN_OBJC_LITERAL_CONVERSION = YES;
				CLANG_WARN_OBJC_ROOT_CLASS = YES_ERROR;
				CLANG_WARN_QUOTED_INCLUDE_IN_FRAMEWORK_HEADER = YES;
				CLANG_WARN_RANGE_LOOP_ANALYSIS = YES;
				CLANG_WARN_STRICT_PROTOTYPES = YES;
				CLANG_WARN_SUSPICIOUS_MOVE = YES;
				CLANG_WARN_UNGUARDED_AVAILABILITY = YES_AGGRESSIVE;
				CLANG_WARN_UNREACHABLE_CODE = YES;
				CLANG_WARN__DUPLICATE_METHOD_MATCH = YES;
				COPY_PHASE_STRIP = NO;
				DEBUG_INFORMATION_FORMAT = dwarf;
				ENABLE_STRICT_OBJC_MSGSEND = YES;
				ENABLE_TESTABILITY = YES;
				GCC_C_LANGUAGE_STANDARD = gnu11;
				GCC_DYNAMIC_NO_PIC = NO;
				GCC_NO_COMMON_BLOCKS = YES;
				GCC_OPTIMIZATION_LEVEL = 0;
				GCC_PREPROCESSOR_DEFINITIONS = (
					"DEBUG=1",
					"$(inherited)",
				);
				GCC_WARN_64_TO_32_BIT_CONVERSION = YES;
				GCC_WARN_ABOUT_RETURN_TYPE = YES_ERROR;
				GCC_WARN_UNDECLARED_SELECTOR = YES;
				GCC_WARN_UNINITIALIZED_AUTOS = YES_AGGRESSIVE;
				GCC_WARN_UNUSED_FUNCTION = YES;
				GCC_WARN_UNUSED_VARIABLE = YES;
				IPHONEOS_DEPLOYMENT_TARGET = 15.0;
				MTL_ENABLE_DEBUG_INFO = INCLUDE_SOURCE;
				MTL_FAST_MATH = YES;
				ONLY_ACTIVE_ARCH = YES;
				SDKROOT = iphoneos;
				SWIFT_ACTIVE_COMPILATION_CONDITIONS = DEBUG;
				SWIFT_OPTIMIZATION_LEVEL = "-Onone";
			};
			name = Debug;
		};
		F3EAA54129E55B6700819F7A /* Release */ = {
			isa = XCBuildConfiguration;
			buildSettings = {
				ALWAYS_SEARCH_USER_PATHS = NO;
				CLANG_ANALYZER_NONNULL = YES;
				CLANG_ANALYZER_NUMBER_OBJECT_CONVERSION = YES_AGGRESSIVE;
				CLANG_CXX_LANGUAGE_STANDARD = "gnu++20";
				CLANG_ENABLE_MODULES = YES;
				CLANG_ENABLE_OBJC_ARC = YES;
				CLANG_ENABLE_OBJC_WEAK = YES;
				CLANG_WARN_BLOCK_CAPTURE_AUTORELEASING = YES;
				CLANG_WARN_BOOL_CONVERSION = YES;
				CLANG_WARN_COMMA = YES;
				CLANG_WARN_CONSTANT_CONVERSION = YES;
				CLANG_WARN_DEPRECATED_OBJC_IMPLEMENTATIONS = YES;
				CLANG_WARN_DIRECT_OBJC_ISA_USAGE = YES_ERROR;
				CLANG_WARN_DOCUMENTATION_COMMENTS = YES;
				CLANG_WARN_EMPTY_BODY = YES;
				CLANG_WARN_ENUM_CONVERSION = YES;
				CLANG_WARN_INFINITE_RECURSION = YES;
				CLANG_WARN_INT_CONVERSION = YES;
				CLANG_WARN_NON_LITERAL_NULL_CONVERSION = YES;
				CLANG_WARN_OBJC_IMPLICIT_RETAIN_SELF = YES;
				CLANG_WARN_OBJC_LITERAL_CONVERSION = YES;
				CLANG_WARN_OBJC_ROOT_CLASS = YES_ERROR;
				CLANG_WARN_QUOTED_INCLUDE_IN_FRAMEWORK_HEADER = YES;
				CLANG_WARN_RANGE_LOOP_ANALYSIS = YES;
				CLANG_WARN_STRICT_PROTOTYPES = YES;
				CLANG_WARN_SUSPICIOUS_MOVE = YES;
				CLANG_WARN_UNGUARDED_AVAILABILITY = YES_AGGRESSIVE;
				CLANG_WARN_UNREACHABLE_CODE = YES;
				CLANG_WARN__DUPLICATE_METHOD_MATCH = YES;
				COPY_PHASE_STRIP = NO;
				DEBUG_INFORMATION_FORMAT = "dwarf-with-dsym";
				ENABLE_NS_ASSERTIONS = NO;
				ENABLE_STRICT_OBJC_MSGSEND = YES;
				GCC_C_LANGUAGE_STANDARD = gnu11;
				GCC_NO_COMMON_BLOCKS = YES;
				GCC_WARN_64_TO_32_BIT_CONVERSION = YES;
				GCC_WARN_ABOUT_RETURN_TYPE = YES_ERROR;
				GCC_WARN_UNDECLARED_SELECTOR = YES;
				GCC_WARN_UNINITIALIZED_AUTOS = YES_AGGRESSIVE;
				GCC_WARN_UNUSED_FUNCTION = YES;
				GCC_WARN_UNUSED_VARIABLE = YES;
				IPHONEOS_DEPLOYMENT_TARGET = 15.0;
				MTL_ENABLE_DEBUG_INFO = NO;
				MTL_FAST_MATH = YES;
				SDKROOT = iphoneos;
				SWIFT_COMPILATION_MODE = wholemodule;
				SWIFT_OPTIMIZATION_LEVEL = "-O";
				VALIDATE_PRODUCT = YES;
			};
			name = Release;
		};
		F3EAA54329E55B6700819F7A /* Debug */ = {
			isa = XCBuildConfiguration;
			baseConfigurationReference = 6CAD5DF9AEA12D4971564457 /* Pods-MuslingProject.debug.xcconfig */;
			buildSettings = {
				ASSETCATALOG_COMPILER_APPICON_NAME = AppIcon;
				ASSETCATALOG_COMPILER_GLOBAL_ACCENT_COLOR_NAME = AccentColor;
				CODE_SIGN_STYLE = Automatic;
				CURRENT_PROJECT_VERSION = 1;
				DEVELOPMENT_TEAM = 8FBW424TX4;
				GENERATE_INFOPLIST_FILE = YES;
				INFOPLIST_FILE = MuslingProject/Info.plist;
				INFOPLIST_KEY_CFBundleDisplayName = "뮤즐링: Musling";
				INFOPLIST_KEY_LSApplicationCategoryType = "public.app-category.lifestyle";
				INFOPLIST_KEY_UIApplicationSupportsIndirectInputEvents = YES;
				INFOPLIST_KEY_UILaunchStoryboardName = LaunchScreen;
				INFOPLIST_KEY_UIMainStoryboardFile = Main;
				INFOPLIST_KEY_UISupportedInterfaceOrientations_iPad = "UIInterfaceOrientationPortrait UIInterfaceOrientationPortraitUpsideDown UIInterfaceOrientationLandscapeLeft UIInterfaceOrientationLandscapeRight";
				INFOPLIST_KEY_UISupportedInterfaceOrientations_iPhone = "UIInterfaceOrientationPortrait UIInterfaceOrientationLandscapeLeft UIInterfaceOrientationLandscapeRight";
				IPHONEOS_DEPLOYMENT_TARGET = 16.0;
				LD_RUNPATH_SEARCH_PATHS = (
					"$(inherited)",
					"@executable_path/Frameworks",
				);
				MARKETING_VERSION = 1.0;
				PRODUCT_BUNDLE_IDENTIFIER = com.nakyung.MuslingProject;
				PRODUCT_NAME = "$(TARGET_NAME)";
				SWIFT_EMIT_LOC_STRINGS = YES;
				SWIFT_VERSION = 5.0;
				TARGETED_DEVICE_FAMILY = "1,2";
			};
			name = Debug;
		};
		F3EAA54429E55B6700819F7A /* Release */ = {
			isa = XCBuildConfiguration;
			baseConfigurationReference = 636636C21A4BF807463FEE9A /* Pods-MuslingProject.release.xcconfig */;
			buildSettings = {
				ASSETCATALOG_COMPILER_APPICON_NAME = AppIcon;
				ASSETCATALOG_COMPILER_GLOBAL_ACCENT_COLOR_NAME = AccentColor;
				CODE_SIGN_STYLE = Automatic;
				CURRENT_PROJECT_VERSION = 1;
				DEVELOPMENT_TEAM = 8FBW424TX4;
				GENERATE_INFOPLIST_FILE = YES;
				INFOPLIST_FILE = MuslingProject/Info.plist;
				INFOPLIST_KEY_CFBundleDisplayName = "뮤즐링: Musling";
				INFOPLIST_KEY_LSApplicationCategoryType = "public.app-category.lifestyle";
				INFOPLIST_KEY_UIApplicationSupportsIndirectInputEvents = YES;
				INFOPLIST_KEY_UILaunchStoryboardName = LaunchScreen;
				INFOPLIST_KEY_UIMainStoryboardFile = Main;
				INFOPLIST_KEY_UISupportedInterfaceOrientations_iPad = "UIInterfaceOrientationPortrait UIInterfaceOrientationPortraitUpsideDown UIInterfaceOrientationLandscapeLeft UIInterfaceOrientationLandscapeRight";
				INFOPLIST_KEY_UISupportedInterfaceOrientations_iPhone = "UIInterfaceOrientationPortrait UIInterfaceOrientationLandscapeLeft UIInterfaceOrientationLandscapeRight";
				IPHONEOS_DEPLOYMENT_TARGET = 16.0;
				LD_RUNPATH_SEARCH_PATHS = (
					"$(inherited)",
					"@executable_path/Frameworks",
				);
				MARKETING_VERSION = 1.0;
				PRODUCT_BUNDLE_IDENTIFIER = com.nakyung.MuslingProject;
				PRODUCT_NAME = "$(TARGET_NAME)";
				SWIFT_EMIT_LOC_STRINGS = YES;
				SWIFT_VERSION = 5.0;
				TARGETED_DEVICE_FAMILY = "1,2";
			};
			name = Release;
		};
/* End XCBuildConfiguration section */

/* Begin XCConfigurationList section */
		F3EAA52929E55B6600819F7A /* Build configuration list for PBXProject "MuslingProject" */ = {
			isa = XCConfigurationList;
			buildConfigurations = (
				F3EAA54029E55B6700819F7A /* Debug */,
				F3EAA54129E55B6700819F7A /* Release */,
			);
			defaultConfigurationIsVisible = 0;
			defaultConfigurationName = Release;
		};
		F3EAA54229E55B6700819F7A /* Build configuration list for PBXNativeTarget "MuslingProject" */ = {
			isa = XCConfigurationList;
			buildConfigurations = (
				F3EAA54329E55B6700819F7A /* Debug */,
				F3EAA54429E55B6700819F7A /* Release */,
			);
			defaultConfigurationIsVisible = 0;
			defaultConfigurationName = Release;
		};
/* End XCConfigurationList section */
	};
	rootObject = F3EAA52629E55B6600819F7A /* Project object */;
}
